
Microsoft Visual Studio Solution File, Format Version 12.00
# Visual Studio 15
VisualStudioVersion = 15.0.28010.2046
MinimumVisualStudioVersion = 10.0.40219.1
Project("{FAE04EC0-301F-11D3-BF4B-00C04F79EFBC}") = "NurikabeSolver", "NurikabeSolver\NurikabeSolver.csproj", "{12F06BA4-5DEB-43E5-B36C-76D72201FC9B}"
EndProject
Global
	GlobalSection(SolutionConfigurationPlatforms) = preSolution
		Debug|Any CPU = Debug|Any CPU
		Release|Any CPU = Release|Any CPU
	EndGlobalSection
	GlobalSection(ProjectConfigurationPlatforms) = postSolution
		{12F06BA4-5DEB-43E5-B36C-76D72201FC9B}.Debug|Any CPU.ActiveCfg = Debug|Any CPU
		{12F06BA4-5DEB-43E5-B36C-76D72201FC9B}.Debug|Any CPU.Build.0 = Debug|Any CPU
		{12F06BA4-5DEB-43E5-B36C-76D72201FC9B}.Release|Any CPU.ActiveCfg = Release|Any CPU
		{12F06BA4-5DEB-43E5-B36C-76D72201FC9B}.Release|Any CPU.Build.0 = Release|Any CPU
	EndGlobalSection
	GlobalSection(SolutionProperties) = preSolution
		HideSolutionNode = FALSE
	EndGlobalSection
	GlobalSection(ExtensibilityGlobals) = postSolution
		SolutionGuid = {3D1F3759-6C7D-4675-BFE6-FD0C4C2D0605}
	EndGlobalSection
EndGlobal
